
Microsoft Visual Studio Solution File, Format Version 12.00
# Visual Studio Version 17
VisualStudioVersion = 17.5.2.0
MinimumVisualStudioVersion = 10.0.40219.1
Project("{FAE04EC0-301F-11D3-BF4B-00C04F79EFBC}") = "Day2", "Day2\Day2.csproj", "{8CAB0D86-1944-3217-0369-BEEA92F5DAFB}"
EndProject
Project("{FAE04EC0-301F-11D3-BF4B-00C04F79EFBC}") = "ConsoleApp1", "ConsoleApp1\ConsoleApp1.csproj", "{075224B9-4543-43DD-B07A-CD4F58FC18C8}"
EndProject
Project("{FAE04EC0-301F-11D3-BF4B-00C04F79EFBC}") = "Constructor.cs", "Constructor.cs\Constructor.cs.csproj", "{B6E34583-5EEF-418C-947D-79386A74324B}"
EndProject
Global
	GlobalSection(SolutionConfigurationPlatforms) = preSolution
		Debug|Any CPU = Debug|Any CPU
		Debug|x64 = Debug|x64
		Debug|x86 = Debug|x86
		Release|Any CPU = Release|Any CPU
		Release|x64 = Release|x64
		Release|x86 = Release|x86
	EndGlobalSection
	GlobalSection(ProjectConfigurationPlatforms) = postSolution
		{8CAB0D86-1944-3217-0369-BEEA92F5DAFB}.Debug|Any CPU.ActiveCfg = Debug|Any CPU
		{8CAB0D86-1944-3217-0369-BEEA92F5DAFB}.Debug|Any CPU.Build.0 = Debug|Any CPU
		{8CAB0D86-1944-3217-0369-BEEA92F5DAFB}.Debug|x64.ActiveCfg = Debug|Any CPU
		{8CAB0D86-1944-3217-0369-BEEA92F5DAFB}.Debug|x64.Build.0 = Debug|Any CPU
		{8CAB0D86-1944-3217-0369-BEEA92F5DAFB}.Debug|x86.ActiveCfg = Debug|Any CPU
		{8CAB0D86-1944-3217-0369-BEEA92F5DAFB}.Debug|x86.Build.0 = Debug|Any CPU
		{8CAB0D86-1944-3217-0369-BEEA92F5DAFB}.Release|Any CPU.ActiveCfg = Release|Any CPU
		{8CAB0D86-1944-3217-0369-BEEA92F5DAFB}.Release|Any CPU.Build.0 = Release|Any CPU
		{8CAB0D86-1944-3217-0369-BEEA92F5DAFB}.Release|x64.ActiveCfg = Release|Any CPU
		{8CAB0D86-1944-3217-0369-BEEA92F5DAFB}.Release|x64.Build.0 = Release|Any CPU
		{8CAB0D86-1944-3217-0369-BEEA92F5DAFB}.Release|x86.ActiveCfg = Release|Any CPU
		{8CAB0D86-1944-3217-0369-BEEA92F5DAFB}.Release|x86.Build.0 = Release|Any CPU
		{075224B9-4543-43DD-B07A-CD4F58FC18C8}.Debug|Any CPU.ActiveCfg = Debug|Any CPU
		{075224B9-4543-43DD-B07A-CD4F58FC18C8}.Debug|Any CPU.Build.0 = Debug|Any CPU
		{075224B9-4543-43DD-B07A-CD4F58FC18C8}.Debug|x64.ActiveCfg = Debug|Any CPU
		{075224B9-4543-43DD-B07A-CD4F58FC18C8}.Debug|x64.Build.0 = Debug|Any CPU
		{075224B9-4543-43DD-B07A-CD4F58FC18C8}.Debug|x86.ActiveCfg = Debug|Any CPU
		{075224B9-4543-43DD-B07A-CD4F58FC18C8}.Debug|x86.Build.0 = Debug|Any CPU
		{075224B9-4543-43DD-B07A-CD4F58FC18C8}.Release|Any CPU.ActiveCfg = Release|Any CPU
		{075224B9-4543-43DD-B07A-CD4F58FC18C8}.Release|Any CPU.Build.0 = Release|Any CPU
		{075224B9-4543-43DD-B07A-CD4F58FC18C8}.Release|x64.ActiveCfg = Release|Any CPU
		{075224B9-4543-43DD-B07A-CD4F58FC18C8}.Release|x64.Build.0 = Release|Any CPU
		{075224B9-4543-43DD-B07A-CD4F58FC18C8}.Release|x86.ActiveCfg = Release|Any CPU
		{075224B9-4543-43DD-B07A-CD4F58FC18C8}.Release|x86.Build.0 = Release|Any CPU
		{B6E34583-5EEF-418C-947D-79386A74324B}.Debug|Any CPU.ActiveCfg = Debug|Any CPU
		{B6E34583-5EEF-418C-947D-79386A74324B}.Debug|Any CPU.Build.0 = Debug|Any CPU
		{B6E34583-5EEF-418C-947D-79386A74324B}.Debug|x64.ActiveCfg = Debug|Any CPU
		{B6E34583-5EEF-418C-947D-79386A74324B}.Debug|x64.Build.0 = Debug|Any CPU
		{B6E34583-5EEF-418C-947D-79386A74324B}.Debug|x86.ActiveCfg = Debug|Any CPU
		{B6E34583-5EEF-418C-947D-79386A74324B}.Debug|x86.Build.0 = Debug|Any CPU
		{B6E34583-5EEF-418C-947D-79386A74324B}.Release|Any CPU.ActiveCfg = Release|Any CPU
		{B6E34583-5EEF-418C-947D-79386A74324B}.Release|Any CPU.Build.0 = Release|Any CPU
		{B6E34583-5EEF-418C-947D-79386A74324B}.Release|x64.ActiveCfg = Release|Any CPU
		{B6E34583-5EEF-418C-947D-79386A74324B}.Release|x64.Build.0 = Release|Any CPU
		{B6E34583-5EEF-418C-947D-79386A74324B}.Release|x86.ActiveCfg = Release|Any CPU
		{B6E34583-5EEF-418C-947D-79386A74324B}.Release|x86.Build.0 = Release|Any CPU
	EndGlobalSection
	GlobalSection(SolutionProperties) = preSolution
		HideSolutionNode = FALSE
	EndGlobalSection
	GlobalSection(ExtensibilityGlobals) = postSolution
		SolutionGuid = {1592B071-66B8-472E-9C62-3222C388A8F8}
	EndGlobalSection
EndGlobal
