Microsoft Visual Studio Solution File, Format Version 12.00
# Visual Studio Version 17
VisualStudioVersion = 17.5.2.0
MinimumVisualStudioVersion = 10.0.40219.1
Project("{FAE04EC0-301F-11D3-BF4B-00C04F79EFBC}") = "Constructor.cs", "Constructor.cs.csproj", "{BC82594C-1E00-993C-5979-60BDC2BD21E2}"
EndProject
Global
	GlobalSection(SolutionConfigurationPlatforms) = preSolution
		Debug|Any CPU = Debug|Any CPU
		Release|Any CPU = Release|Any CPU
	EndGlobalSection
	GlobalSection(ProjectConfigurationPlatforms) = postSolution
		{BC82594C-1E00-993C-5979-60BDC2BD21E2}.Debug|Any CPU.ActiveCfg = Debug|Any CPU
		{BC82594C-1E00-993C-5979-60BDC2BD21E2}.Debug|Any CPU.Build.0 = Debug|Any CPU
		{BC82594C-1E00-993C-5979-60BDC2BD21E2}.Release|Any CPU.ActiveCfg = Release|Any CPU
		{BC82594C-1E00-993C-5979-60BDC2BD21E2}.Release|Any CPU.Build.0 = Release|Any CPU
	EndGlobalSection
	GlobalSection(SolutionProperties) = preSolution
		HideSolutionNode = FALSE
	EndGlobalSection
	GlobalSection(ExtensibilityGlobals) = postSolution
		SolutionGuid = {B45572A6-E680-450A-851B-02D71307EF3A}
	EndGlobalSection
EndGlobal
